// !$*UTF8*$!
{
	archiveVersion = 1;
	classes = {
	};
	objectVersion = 77;
	objects = {

/* Begin PBXBuildFile section */
		157AB1CE59BEC51F76EF0096 /* SignInBrowser.swift in Sources */ = {isa = PBXBuildFile; fileRef = 595B9804F36C4594EE1BC232 /* SignInBrowser.swift */; };
		A08136729B546202562478AC /* ModelUsageDashboardView.swift in Sources */ = {isa = PBXBuildFile; fileRef = A08136729B546202562478AD /* ModelUsageDashboardView.swift */; };
		A08136729B546202562478AE /* ModelUsageDashboardData.swift in Sources */ = {isa = PBXBuildFile; fileRef = A08136729B546202562478AF /* ModelUsageDashboardData.swift */; };
		216D8AB6E134F76894E0E773 /* ModelUsageAnalytics.swift in Sources */ = {isa = PBXBuildFile; fileRef = 917535DA819A97528F602CF4 /* ModelUsageAnalytics.swift */; };
		2F4FE38FCA32C57462FECAC8 /* ModelRateCatalog.swift in Sources */ = {isa = PBXBuildFile; fileRef = D22E20E4DCE402F868C1A4BD /* ModelRateCatalog.swift */; };
		DCFBCC5C4EE318F78F03D896 /* ModelUsageLedger.swift in Sources */ = {isa = PBXBuildFile; fileRef = 23C6391C2D181426D71C0A32 /* ModelUsageLedger.swift */; };
		801A8F2C1F7ADAA54BBCC25F /* ModelUsageLogScanner.swift in Sources */ = {isa = PBXBuildFile; fileRef = AA75A974458F5B1ED3ED96BE /* ModelUsageLogScanner.swift */; };
		5C0DE11A0B2C3D4E5F601A02 /* ModelUsageProviderLogs.swift in Sources */ = {isa = PBXBuildFile; fileRef = 5C0DE11A0B2C3D4E5F601A01 /* ModelUsageProviderLogs.swift */; };
		0E4EB4675CC62CEAB0F3B621 /* MenuBarController.swift in Sources */ = {isa = PBXBuildFile; fileRef = 52ECCBB7247196B57F543B01 /* MenuBarController.swift */; };
		1F9EEC85B141691DB92F7A79 /* QuotaSnapshotStore.swift in Sources */ = {isa = PBXBuildFile; fileRef = 0D10CF569EFBA0D390329619 /* QuotaSnapshotStore.swift */; };
		25227AAAD370B53544107D04 /* ProviderDetailView.swift in Sources */ = {isa = PBXBuildFile; fileRef = A6F7AA1ACA8CFD5FBF70D259 /* ProviderDetailView.swift */; };
		2F295D61BD7917AC646050CB /* ProviderSetupPolicy.swift in Sources */ = {isa = PBXBuildFile; fileRef = 426990F3B946E045978B05CF /* ProviderSetupPolicy.swift */; };
		35C9EA7C7BB8D2CE2FC27BE1 /* QuotaSnapshotStore.swift in Sources */ = {isa = PBXBuildFile; fileRef = 0D10CF569EFBA0D390329619 /* QuotaSnapshotStore.swift */; };
		53D0D4FE81308907359D330E /* Limit Counter Widget.appex in Embed App Extensions */ = {isa = PBXBuildFile; fileRef = 1D0D6C4C3162AFCE8932D9AA /* Limit Counter Widget.appex */; settings = {ATTRIBUTES = (CodeSignOnCopy, RemoveHeadersOnCopy, ); }; };
		5A7E2A5B4CC14C9AA58D915F /* CloudKitSync.swift in Sources */ = {isa = PBXBuildFile; fileRef = 6C938E723B134DAAACF68821 /* CloudKitSync.swift */; };
		6042BC1E11766ED57640C35D /* ProviderSetupRail.swift in Sources */ = {isa = PBXBuildFile; fileRef = DAB7B2E575F99511047F53E0 /* ProviderSetupRail.swift */; };
		694CB19FF67224BECD991042 /* ProviderSetupModel.swift in Sources */ = {isa = PBXBuildFile; fileRef = 60D62F476C55C73A29C4D5F3 /* ProviderSetupModel.swift */; };
		760136B5B967579A483B141C /* GeminiProviderClient.swift in Sources */ = {isa = PBXBuildFile; fileRef = 005C22E36D2EC6FB0CB38B1E /* GeminiProviderClient.swift */; };
		823855AA90207DEE5462F15A /* QuotaTimelineProvider.swift in Sources */ = {isa = PBXBuildFile; fileRef = 388C5D6216DD6ABC374B9364 /* QuotaTimelineProvider.swift */; };
		8415611E15321D8D3003EFFB /* QuotaModels.swift in Sources */ = {isa = PBXBuildFile; fileRef = EAEF7A76AE81DE224C4627CF /* QuotaModels.swift */; };
		A090A16CD728E819CEAB1C12 /* MockData.swift in Sources */ = {isa = PBXBuildFile; fileRef = C7D74721EA3E8C99B51CF09D /* MockData.swift */; };
		A2276EF2147C77FC2081EE2A /* ProviderSetupCanvas.swift in Sources */ = {isa = PBXBuildFile; fileRef = 939F535484B8F04B64834EC0 /* ProviderSetupCanvas.swift */; };
		A51F1D7A8D634C6DA9E9D6C5 /* CursorSessionImportView.swift in Sources */ = {isa = PBXBuildFile; fileRef = 6A7A20A1B4B04E1C9E1C0D5C /* CursorSessionImportView.swift */; };
		A6E2239C5393436B99DF7012 /* DashboardView.swift in Sources */ = {isa = PBXBuildFile; fileRef = 9C38142DE1DDB3110221F8CF /* DashboardView.swift */; };
		AA65955C07EB3790F62BC8CC /* QuotaModels.swift in Sources */ = {isa = PBXBuildFile; fileRef = EAEF7A76AE81DE224C4627CF /* QuotaModels.swift */; };
		AE3CE50218E452F2353349B8 /* LLMActivityHeatmapView.swift in Sources */ = {isa = PBXBuildFile; fileRef = 21B2BE24658E5CB7FD1AC3CA /* LLMActivityHeatmapView.swift */; };
		B1A64D48BC5A4D97A3A61B0F /* GlassChrome.swift in Sources */ = {isa = PBXBuildFile; fileRef = B5DDB5C9DCE84FA98F4D0E6C /* GlassChrome.swift */; };
		B6D67D7E3C8B4F2AB0C6C99C /* GlassChrome.swift in Sources */ = {isa = PBXBuildFile; fileRef = B5DDB5C9DCE84FA98F4D0E6C /* GlassChrome.swift */; };
		C277E330E1E1A288294467FB /* SettingsView.swift in Sources */ = {isa = PBXBuildFile; fileRef = 781AD1FD17A6BE8F4DC7D597 /* SettingsView.swift */; };
		C54B4765A7CC70B9189CAA3D /* TelemetryParseCache.swift in Sources */ = {isa = PBXBuildFile; fileRef = 30658FE372ABF14A79F05A4E /* TelemetryParseCache.swift */; };
		C5890563D5868124AC951D99 /* AIUsageTrackerApp.swift in Sources */ = {isa = PBXBuildFile; fileRef = 453A356B3DC03856FB7C92E8 /* AIUsageTrackerApp.swift */; };
		D2004072E4759F9F5EA478AA /* KeychainService.swift in Sources */ = {isa = PBXBuildFile; fileRef = CE2EC55F94D5A01B32C9E844 /* KeychainService.swift */; };
		D9DCA9F5A79BF9D4D56CDAAE /* ProviderSetupPresenter.swift in Sources */ = {isa = PBXBuildFile; fileRef = 318D0D0ED844E72B91AFEAF0 /* ProviderSetupPresenter.swift */; };
		DD5B5E4FABB1AA1A8D5E4B64 /* Foundation.framework in Frameworks */ = {isa = PBXBuildFile; fileRef = 78232D955058B7DEEE4A12CF /* Foundation.framework */; };
		DDD693B6BE87A2E553B057AA /* SyncCoordinator.swift in Sources */ = {isa = PBXBuildFile; fileRef = 82D69C00C45CEED72F493637 /* SyncCoordinator.swift */; };
		E12CEF318D69D31596283C5A /* ProviderSetupSheet.swift in Sources */ = {isa = PBXBuildFile; fileRef = A5DE38028C16CC359C0E10ED /* ProviderSetupSheet.swift */; };
		E5F58CBAF2274B5E6338D4D1 /* QuotaCardView.swift in Sources */ = {isa = PBXBuildFile; fileRef = 3B8B670098FA9E8DE0AFC40E /* QuotaCardView.swift */; };
		EAFB87C29D9F037A4DC1A183 /* AppStateStore.swift in Sources */ = {isa = PBXBuildFile; fileRef = B75A2D0107FB420C76D5FFD1 /* AppStateStore.swift */; };
		EDE1E82AC980C48281C2DF29 /* QuotaCardView.swift in Sources */ = {isa = PBXBuildFile; fileRef = 3B8B670098FA9E8DE0AFC40E /* QuotaCardView.swift */; };
		EEBB000100000000000000B1 /* CloudAlertPayload.swift in Sources */ = {isa = PBXBuildFile; fileRef = EEAA000100000000000000F1 /* CloudAlertPayload.swift */; };
		EEBB000200000000000000B2 /* AlertNotificationContent.swift in Sources */ = {isa = PBXBuildFile; fileRef = EEAA000200000000000000F2 /* AlertNotificationContent.swift */; };
		EEBB000300000000000000B3 /* LocalNotificationPublisher.swift in Sources */ = {isa = PBXBuildFile; fileRef = EEAA000300000000000000F3 /* LocalNotificationPublisher.swift */; };
		EEBB000400000000000000B4 /* MacLocalNotificationPublisher.swift in Sources */ = {isa = PBXBuildFile; fileRef = EEAA000400000000000000F4 /* MacLocalNotificationPublisher.swift */; };
		F0B3D2D3B9D94B0DA94D17F1 /* CodexTelemetryProviderClient.swift in Sources */ = {isa = PBXBuildFile; fileRef = 8D2A9E0A7F7A4D6FB4C8D7D2 /* CodexTelemetryProviderClient.swift */; };
		F3E1249C0FB38DD68321D303 /* ProviderClient.swift in Sources */ = {isa = PBXBuildFile; fileRef = AD8AD241B3C8CC6591228FB6 /* ProviderClient.swift */; };
		F60686F0D9B2C9D255581F5B /* MockData.swift in Sources */ = {isa = PBXBuildFile; fileRef = C7D74721EA3E8C99B51CF09D /* MockData.swift */; };
		F9DF3457A4B87B2347A864E3 /* QuotaResetDetector.swift in Sources */ = {isa = PBXBuildFile; fileRef = A412D664FC277AE00924A744 /* QuotaResetDetector.swift */; };
		FA1100010000000000000001 /* AntigravityProviderClient.swift in Sources */ = {isa = PBXBuildFile; fileRef = FA1200010000000000000001 /* AntigravityProviderClient.swift */; };
		FA1100020000000000000002 /* SpendProviderClients.swift in Sources */ = {isa = PBXBuildFile; fileRef = FA1200020000000000000002 /* SpendProviderClients.swift */; };
/* End PBXBuildFile section */

/* Begin PBXContainerItemProxy section */
		4D5979E94E4C97D8E58E8205 /* PBXContainerItemProxy */ = {
			isa = PBXContainerItemProxy;
			containerPortal = A42BC5302F9140180096DECB /* Project object */;
			proxyType = 1;
			remoteGlobalIDString = 0FCC435F5CB21003226F661C;
			remoteInfo = AIUsageWidgetExtension;
		};
/* End PBXContainerItemProxy section */

/* Begin PBXCopyFilesBuildPhase section */
		E49392A0B501D8DC6584E684 /* Embed App Extensions */ = {
			isa = PBXCopyFilesBuildPhase;
			buildActionMask = 2147483647;
			dstPath = "";
			dstSubfolderSpec = 13;
			files = (
				53D0D4FE81308907359D330E /* Limit Counter Widget.appex in Embed App Extensions */,
			);
			name = "Embed App Extensions";
			runOnlyForDeploymentPostprocessing = 0;
		};
/* End PBXCopyFilesBuildPhase section */

/* Begin PBXFileReference section */
		595B9804F36C4594EE1BC232 /* SignInBrowser.swift */ = {isa = PBXFileReference; includeInIndex = 1; lastKnownFileType = sourcecode.swift; name = SignInBrowser.swift; path = App/Views/SignInBrowser.swift; sourceTree = SOURCE_ROOT; };
		A08136729B546202562478AD /* ModelUsageDashboardView.swift */ = {isa = PBXFileReference; lastKnownFileType = sourcecode.swift; path = App/Views/ModelUsageDashboardView.swift; sourceTree = SOURCE_ROOT; };
		A08136729B546202562478AF /* ModelUsageDashboardData.swift */ = {isa = PBXFileReference; lastKnownFileType = sourcecode.swift; path = App/Views/ModelUsageDashboardData.swift; sourceTree = SOURCE_ROOT; };
		917535DA819A97528F602CF4 /* ModelUsageAnalytics.swift */ = {isa = PBXFileReference; lastKnownFileType = sourcecode.swift; path = Shared/Models/ModelUsageAnalytics.swift; sourceTree = SOURCE_ROOT; };
		D22E20E4DCE402F868C1A4BD /* ModelRateCatalog.swift */ = {isa = PBXFileReference; lastKnownFileType = sourcecode.swift; path = Shared/Models/ModelRateCatalog.swift; sourceTree = SOURCE_ROOT; };
		23C6391C2D181426D71C0A32 /* ModelUsageLedger.swift */ = {isa = PBXFileReference; lastKnownFileType = sourcecode.swift; path = Shared/Storage/ModelUsageLedger.swift; sourceTree = SOURCE_ROOT; };
		AA75A974458F5B1ED3ED96BE /* ModelUsageLogScanner.swift */ = {isa = PBXFileReference; lastKnownFileType = sourcecode.swift; path = App/Providers/ModelUsageLogScanner.swift; sourceTree = SOURCE_ROOT; };
		5C0DE11A0B2C3D4E5F601A01 /* ModelUsageProviderLogs.swift */ = {isa = PBXFileReference; lastKnownFileType = sourcecode.swift; path = App/Providers/ModelUsageProviderLogs.swift; sourceTree = SOURCE_ROOT; };
		005C22E36D2EC6FB0CB38B1E /* GeminiProviderClient.swift */ = {isa = PBXFileReference; includeInIndex = 1; lastKnownFileType = sourcecode.swift; name = GeminiProviderClient.swift; path = App/Providers/GeminiProviderClient.swift; sourceTree = SOURCE_ROOT; };
		0D10CF569EFBA0D390329619 /* QuotaSnapshotStore.swift */ = {isa = PBXFileReference; includeInIndex = 1; lastKnownFileType = sourcecode.swift; name = QuotaSnapshotStore.swift; path = Shared/Storage/QuotaSnapshotStore.swift; sourceTree = SOURCE_ROOT; };
		14AB7C74EDD1E238694A97CC /* AIUsageWidgetExtension.macOS.entitlements */ = {isa = PBXFileReference; includeInIndex = 1; lastKnownFileType = text.plist.entitlements; name = AIUsageWidgetExtension.macOS.entitlements; path = Widget/AIUsageWidgetExtension.macOS.entitlements; sourceTree = SOURCE_ROOT; };
		1D0D6C4C3162AFCE8932D9AA /* Limit Counter Widget.appex */ = {isa = PBXFileReference; explicitFileType = "wrapper.app-extension"; includeInIndex = 0; path = "Limit Counter Widget.appex"; sourceTree = BUILT_PRODUCTS_DIR; };
		21B2BE24658E5CB7FD1AC3CA /* LLMActivityHeatmapView.swift */ = {isa = PBXFileReference; includeInIndex = 1; lastKnownFileType = sourcecode.swift; name = LLMActivityHeatmapView.swift; path = Shared/Views/LLMActivityHeatmapView.swift; sourceTree = SOURCE_ROOT; };
		30658FE372ABF14A79F05A4E /* TelemetryParseCache.swift */ = {isa = PBXFileReference; includeInIndex = 1; lastKnownFileType = sourcecode.swift; name = TelemetryParseCache.swift; path = Shared/Storage/TelemetryParseCache.swift; sourceTree = SOURCE_ROOT; };
		318D0D0ED844E72B91AFEAF0 /* ProviderSetupPresenter.swift */ = {isa = PBXFileReference; includeInIndex = 1; lastKnownFileType = sourcecode.swift; name = ProviderSetupPresenter.swift; path = App/Views/ProviderSetup/ProviderSetupPresenter.swift; sourceTree = SOURCE_ROOT; };
		388C5D6216DD6ABC374B9364 /* QuotaTimelineProvider.swift */ = {isa = PBXFileReference; includeInIndex = 1; lastKnownFileType = sourcecode.swift; name = QuotaTimelineProvider.swift; path = Widget/QuotaTimelineProvider.swift; sourceTree = SOURCE_ROOT; };
		3B8B670098FA9E8DE0AFC40E /* QuotaCardView.swift */ = {isa = PBXFileReference; includeInIndex = 1; lastKnownFileType = sourcecode.swift; name = QuotaCardView.swift; path = Shared/Views/QuotaCardView.swift; sourceTree = SOURCE_ROOT; };
		426990F3B946E045978B05CF /* ProviderSetupPolicy.swift */ = {isa = PBXFileReference; includeInIndex = 1; lastKnownFileType = sourcecode.swift; name = ProviderSetupPolicy.swift; path = App/Providers/ProviderSetupPolicy.swift; sourceTree = SOURCE_ROOT; };
		453A356B3DC03856FB7C92E8 /* AIUsageTrackerApp.swift */ = {isa = PBXFileReference; includeInIndex = 1; lastKnownFileType = sourcecode.swift; name = AIUsageTrackerApp.swift; path = App/AIUsageTrackerApp.swift; sourceTree = SOURCE_ROOT; };
		47B21C6EE756C027946DD210 /* AIUsageWidgetExtension-Info.plist */ = {isa = PBXFileReference; includeInIndex = 1; lastKnownFileType = text.plist.xml; name = "AIUsageWidgetExtension-Info.plist"; path = "Widget/AIUsageWidgetExtension-Info.plist"; sourceTree = SOURCE_ROOT; };
		52ECCBB7247196B57F543B01 /* MenuBarController.swift */ = {isa = PBXFileReference; includeInIndex = 1; lastKnownFileType = sourcecode.swift; name = MenuBarController.swift; path = App/MenuBarController.swift; sourceTree = SOURCE_ROOT; };
		60D62F476C55C73A29C4D5F3 /* ProviderSetupModel.swift */ = {isa = PBXFileReference; includeInIndex = 1; lastKnownFileType = sourcecode.swift; name = ProviderSetupModel.swift; path = App/Views/ProviderSetup/ProviderSetupModel.swift; sourceTree = SOURCE_ROOT; };
		6497EE5E8894C69C0C3FED10 /* AIUsageWidgetExtension.iOS.entitlements */ = {isa = PBXFileReference; includeInIndex = 1; lastKnownFileType = text.plist.entitlements; name = AIUsageWidgetExtension.iOS.entitlements; path = Widget/AIUsageWidgetExtension.iOS.entitlements; sourceTree = SOURCE_ROOT; };
		6A7A20A1B4B04E1C9E1C0D5C /* CursorSessionImportView.swift */ = {isa = PBXFileReference; includeInIndex = 1; lastKnownFileType = sourcecode.swift; name = CursorSessionImportView.swift; path = App/Views/CursorSessionImportView.swift; sourceTree = SOURCE_ROOT; };
		6C938E723B134DAAACF68821 /* CloudKitSync.swift */ = {isa = PBXFileReference; includeInIndex = 1; lastKnownFileType = sourcecode.swift; name = CloudKitSync.swift; path = App/CloudKitSync.swift; sourceTree = SOURCE_ROOT; };
		781AD1FD17A6BE8F4DC7D597 /* SettingsView.swift */ = {isa = PBXFileReference; includeInIndex = 1; lastKnownFileType = sourcecode.swift; name = SettingsView.swift; path = App/Views/SettingsView.swift; sourceTree = SOURCE_ROOT; };
		78232D955058B7DEEE4A12CF /* Foundation.framework */ = {isa = PBXFileReference; lastKnownFileType = wrapper.framework; name = Foundation.framework; path = System/Library/Frameworks/Foundation.framework; sourceTree = SDKROOT; };
		82D69C00C45CEED72F493637 /* SyncCoordinator.swift */ = {isa = PBXFileReference; includeInIndex = 1; lastKnownFileType = sourcecode.swift; name = SyncCoordinator.swift; path = App/SyncCoordinator.swift; sourceTree = SOURCE_ROOT; };
		8D2A9E0A7F7A4D6FB4C8D7D2 /* CodexTelemetryProviderClient.swift */ = {isa = PBXFileReference; includeInIndex = 1; lastKnownFileType = sourcecode.swift; name = CodexTelemetryProviderClient.swift; path = App/Providers/CodexTelemetryProviderClient.swift; sourceTree = SOURCE_ROOT; };
		939F535484B8F04B64834EC0 /* ProviderSetupCanvas.swift */ = {isa = PBXFileReference; includeInIndex = 1; lastKnownFileType = sourcecode.swift; name = ProviderSetupCanvas.swift; path = App/Views/ProviderSetup/ProviderSetupCanvas.swift; sourceTree = SOURCE_ROOT; };
		9C38142DE1DDB3110221F8CF /* DashboardView.swift */ = {isa = PBXFileReference; includeInIndex = 1; lastKnownFileType = sourcecode.swift; name = DashboardView.swift; path = App/Views/DashboardView.swift; sourceTree = SOURCE_ROOT; };
		A412D664FC277AE00924A744 /* QuotaResetDetector.swift */ = {isa = PBXFileReference; includeInIndex = 1; lastKnownFileType = sourcecode.swift; name = QuotaResetDetector.swift; path = Shared/Models/QuotaResetDetector.swift; sourceTree = SOURCE_ROOT; };
		A42BC5382F9140180096DECB /* Limit Counter.app */ = {isa = PBXFileReference; explicitFileType = wrapper.application; includeInIndex = 0; path = "Limit Counter.app"; sourceTree = BUILT_PRODUCTS_DIR; };
		A5DE38028C16CC359C0E10ED /* ProviderSetupSheet.swift */ = {isa = PBXFileReference; includeInIndex = 1; lastKnownFileType = sourcecode.swift; name = ProviderSetupSheet.swift; path = App/Views/ProviderSetup/ProviderSetupSheet.swift; sourceTree = SOURCE_ROOT; };
		A6F7AA1ACA8CFD5FBF70D259 /* ProviderDetailView.swift */ = {isa = PBXFileReference; includeInIndex = 1; lastKnownFileType = sourcecode.swift; name = ProviderDetailView.swift; path = App/Views/ProviderDetailView.swift; sourceTree = SOURCE_ROOT; };
		AD8AD241B3C8CC6591228FB6 /* ProviderClient.swift */ = {isa = PBXFileReference; includeInIndex = 1; lastKnownFileType = sourcecode.swift; name = ProviderClient.swift; path = App/Providers/ProviderClient.swift; sourceTree = SOURCE_ROOT; };
		B5DDB5C9DCE84FA98F4D0E6C /* GlassChrome.swift */ = {isa = PBXFileReference; includeInIndex = 1; lastKnownFileType = sourcecode.swift; name = GlassChrome.swift; path = Shared/Views/GlassChrome.swift; sourceTree = SOURCE_ROOT; };
		B75A2D0107FB420C76D5FFD1 /* AppStateStore.swift */ = {isa = PBXFileReference; includeInIndex = 1; lastKnownFileType = sourcecode.swift; name = AppStateStore.swift; path = App/AppStateStore.swift; sourceTree = SOURCE_ROOT; };
		C7D74721EA3E8C99B51CF09D /* MockData.swift */ = {isa = PBXFileReference; includeInIndex = 1; lastKnownFileType = sourcecode.swift; name = MockData.swift; path = Shared/Models/MockData.swift; sourceTree = SOURCE_ROOT; };
		CE2EC55F94D5A01B32C9E844 /* KeychainService.swift */ = {isa = PBXFileReference; includeInIndex = 1; lastKnownFileType = sourcecode.swift; name = KeychainService.swift; path = App/Keychain/KeychainService.swift; sourceTree = SOURCE_ROOT; };
		DAB7B2E575F99511047F53E0 /* ProviderSetupRail.swift */ = {isa = PBXFileReference; includeInIndex = 1; lastKnownFileType = sourcecode.swift; name = ProviderSetupRail.swift; path = App/Views/ProviderSetup/ProviderSetupRail.swift; sourceTree = SOURCE_ROOT; };
		EAEF7A76AE81DE224C4627CF /* QuotaModels.swift */ = {isa = PBXFileReference; includeInIndex = 1; lastKnownFileType = sourcecode.swift; name = QuotaModels.swift; path = Shared/Models/QuotaModels.swift; sourceTree = SOURCE_ROOT; };
		EEAA000100000000000000F1 /* CloudAlertPayload.swift */ = {isa = PBXFileReference; includeInIndex = 1; lastKnownFileType = sourcecode.swift; name = CloudAlertPayload.swift; path = Shared/Models/CloudAlertPayload.swift; sourceTree = SOURCE_ROOT; };
		EEAA000200000000000000F2 /* AlertNotificationContent.swift */ = {isa = PBXFileReference; includeInIndex = 1; lastKnownFileType = sourcecode.swift; name = AlertNotificationContent.swift; path = Shared/Notifications/AlertNotificationContent.swift; sourceTree = SOURCE_ROOT; };
		EEAA000300000000000000F3 /* LocalNotificationPublisher.swift */ = {isa = PBXFileReference; includeInIndex = 1; lastKnownFileType = sourcecode.swift; name = LocalNotificationPublisher.swift; path = App/LocalNotificationPublisher.swift; sourceTree = SOURCE_ROOT; };
		EEAA000400000000000000F4 /* MacLocalNotificationPublisher.swift */ = {isa = PBXFileReference; includeInIndex = 1; lastKnownFileType = sourcecode.swift; name = MacLocalNotificationPublisher.swift; path = App/MacLocalNotificationPublisher.swift; sourceTree = SOURCE_ROOT; };
		FA1200010000000000000001 /* AntigravityProviderClient.swift */ = {isa = PBXFileReference; includeInIndex = 1; lastKnownFileType = sourcecode.swift; name = AntigravityProviderClient.swift; path = App/Providers/AntigravityProviderClient.swift; sourceTree = SOURCE_ROOT; };
		FA1200020000000000000002 /* SpendProviderClients.swift */ = {isa = PBXFileReference; includeInIndex = 1; lastKnownFileType = sourcecode.swift; name = SpendProviderClients.swift; path = App/Providers/SpendProviderClients.swift; sourceTree = SOURCE_ROOT; };
/* End PBXFileReference section */

/* Begin PBXFileSystemSynchronizedBuildFileExceptionSet section */
		EEF100000000000000000001 /* Exceptions for "LLMUsageCounter" folder in "LLMUsageCounter" target */ = {
			isa = PBXFileSystemSynchronizedBuildFileExceptionSet;
			membershipExceptions = (
				"LLMUsageCounter.iOS-Info.plist",
				"LLMUsageCounter.macOS-Info.plist",
			);
			target = A42BC5372F9140180096DECB /* LLMUsageCounter */;
		};
/* End PBXFileSystemSynchronizedBuildFileExceptionSet section */

/* Begin PBXFileSystemSynchronizedRootGroup section */
		A42BC53A2F9140180096DECB /* LLMUsageCounter */ = {
			isa = PBXFileSystemSynchronizedRootGroup;
			exceptions = (
				EEF100000000000000000001 /* Exceptions for "LLMUsageCounter" folder in "LLMUsageCounter" target */,
			);
			path = LLMUsageCounter;
			sourceTree = "<group>";
		};
/* End PBXFileSystemSynchronizedRootGroup section */

/* Begin PBXFrameworksBuildPhase section */
		A42BC5352F9140180096DECB /* Frameworks */ = {
			isa = PBXFrameworksBuildPhase;
			buildActionMask = 2147483647;
			files = (
			);
			runOnlyForDeploymentPostprocessing = 0;
		};
		F9E41EA8F5951BE341260BFE /* Frameworks */ = {
			isa = PBXFrameworksBuildPhase;
			buildActionMask = 2147483647;
			files = (
				DD5B5E4FABB1AA1A8D5E4B64 /* Foundation.framework in Frameworks */,
			);
			runOnlyForDeploymentPostprocessing = 0;
		};
/* End PBXFrameworksBuildPhase section */

/* Begin PBXGroup section */
		558DC4DE64CCE2D80E927F99 /* Storage */ = {
			isa = PBXGroup;
			children = (
				0D10CF569EFBA0D390329619 /* QuotaSnapshotStore.swift */,
				30658FE372ABF14A79F05A4E /* TelemetryParseCache.swift */,
				23C6391C2D181426D71C0A32 /* ModelUsageLedger.swift */,
			);
			path = Storage;
			sourceTree = "<group>";
		};
		85A7C518E3672111E595E3FB /* Views */ = {
			isa = PBXGroup;
			children = (
				3B8B670098FA9E8DE0AFC40E /* QuotaCardView.swift */,
				21B2BE24658E5CB7FD1AC3CA /* LLMActivityHeatmapView.swift */,
			);
			path = Views;
			sourceTree = "<group>";
		};
		8B42C81774DA3E0851F628FC /* iOS */ = {
			isa = PBXGroup;
			children = (
				78232D955058B7DEEE4A12CF /* Foundation.framework */,
			);
			name = iOS;
			sourceTree = "<group>";
		};
		9D3558D520C1572BEF5EB737 /* App */ = {
			isa = PBXGroup;
			children = (
				453A356B3DC03856FB7C92E8 /* AIUsageTrackerApp.swift */,
				6C938E723B134DAAACF68821 /* CloudKitSync.swift */,
				B75A2D0107FB420C76D5FFD1 /* AppStateStore.swift */,
				82D69C00C45CEED72F493637 /* SyncCoordinator.swift */,
				A2FB8197FE14AD73E2CC491A /* Providers */,
				F7817BF72DDD8971A8F746D3 /* Keychain */,
				B15DFF02575EC87C5D82B4E9 /* Views */,
				52ECCBB7247196B57F543B01 /* MenuBarController.swift */,
				EEAA000300000000000000F3 /* LocalNotificationPublisher.swift */,
				EEAA000400000000000000F4 /* MacLocalNotificationPublisher.swift */,
			);
			path = App;
			sourceTree = "<group>";
		};
		A2FB8197FE14AD73E2CC491A /* Providers */ = {
			isa = PBXGroup;
			children = (
				8D2A9E0A7F7A4D6FB4C8D7D2 /* CodexTelemetryProviderClient.swift */,
				AA75A974458F5B1ED3ED96BE /* ModelUsageLogScanner.swift */,
				5C0DE11A0B2C3D4E5F601A01 /* ModelUsageProviderLogs.swift */,
				AD8AD241B3C8CC6591228FB6 /* ProviderClient.swift */,
				005C22E36D2EC6FB0CB38B1E /* GeminiProviderClient.swift */,
				FA1200010000000000000001 /* AntigravityProviderClient.swift */,
				FA1200020000000000000002 /* SpendProviderClients.swift */,
				426990F3B946E045978B05CF /* ProviderSetupPolicy.swift */,
			);
			path = Providers;
			sourceTree = "<group>";
		};
		A42BC52F2F9140180096DECB = {
			isa = PBXGroup;
			children = (
				A42BC53A2F9140180096DECB /* LLMUsageCounter */,
				A42BC5392F9140180096DECB /* Products */,
				EFDF0D9C31CD0D2702D8910D /* Shared */,
				9D3558D520C1572BEF5EB737 /* App */,
				D8970929E420175492EEF3D7 /* Frameworks */,
				BD787368B797C0F81269E11A /* Widget */,
			);
			sourceTree = "<group>";
		};
		A42BC5392F9140180096DECB /* Products */ = {
			isa = PBXGroup;
			children = (
				A42BC5382F9140180096DECB /* Limit Counter.app */,
				1D0D6C4C3162AFCE8932D9AA /* Limit Counter Widget.appex */,
			);
			name = Products;
			sourceTree = "<group>";
		};
		B15DFF02575EC87C5D82B4E9 /* Views */ = {
			isa = PBXGroup;
			children = (
				B5DDB5C9DCE84FA98F4D0E6C /* GlassChrome.swift */,
				6A7A20A1B4B04E1C9E1C0D5C /* CursorSessionImportView.swift */,
				595B9804F36C4594EE1BC232 /* SignInBrowser.swift */,
				9C38142DE1DDB3110221F8CF /* DashboardView.swift */,
				A08136729B546202562478AD /* ModelUsageDashboardView.swift */,
				A08136729B546202562478AF /* ModelUsageDashboardData.swift */,
				A6F7AA1ACA8CFD5FBF70D259 /* ProviderDetailView.swift */,
				781AD1FD17A6BE8F4DC7D597 /* SettingsView.swift */,
				E785A420F73F9BFA69080D0E /* ProviderSetup */,
			);
			path = Views;
			sourceTree = "<group>";
		};
		BD787368B797C0F81269E11A /* Widget */ = {
			isa = PBXGroup;
			children = (
				388C5D6216DD6ABC374B9364 /* QuotaTimelineProvider.swift */,
				47B21C6EE756C027946DD210 /* AIUsageWidgetExtension-Info.plist */,
				6497EE5E8894C69C0C3FED10 /* AIUsageWidgetExtension.iOS.entitlements */,
				14AB7C74EDD1E238694A97CC /* AIUsageWidgetExtension.macOS.entitlements */,
			);
			name = Widget;
			path = Widget;
			sourceTree = "<group>";
		};
		D8970929E420175492EEF3D7 /* Frameworks */ = {
			isa = PBXGroup;
			children = (
				8B42C81774DA3E0851F628FC /* iOS */,
			);
			name = Frameworks;
			sourceTree = "<group>";
		};
		DC0F04A07877F47900175A40 /* Models */ = {
			isa = PBXGroup;
			children = (
				C7D74721EA3E8C99B51CF09D /* MockData.swift */,
				EAEF7A76AE81DE224C4627CF /* QuotaModels.swift */,
				917535DA819A97528F602CF4 /* ModelUsageAnalytics.swift */,
				D22E20E4DCE402F868C1A4BD /* ModelRateCatalog.swift */,
				EEAA000100000000000000F1 /* CloudAlertPayload.swift */,
				A412D664FC277AE00924A744 /* QuotaResetDetector.swift */,
			);
			path = Models;
			sourceTree = "<group>";
		};
		E785A420F73F9BFA69080D0E /* ProviderSetup */ = {
			isa = PBXGroup;
			children = (
				939F535484B8F04B64834EC0 /* ProviderSetupCanvas.swift */,
				60D62F476C55C73A29C4D5F3 /* ProviderSetupModel.swift */,
				DAB7B2E575F99511047F53E0 /* ProviderSetupRail.swift */,
				A5DE38028C16CC359C0E10ED /* ProviderSetupSheet.swift */,
				318D0D0ED844E72B91AFEAF0 /* ProviderSetupPresenter.swift */,
			);
			name = ProviderSetup;
			path = ProviderSetup;
			sourceTree = "<group>";
		};
		EE99000100000000000000A1 /* Notifications */ = {
			isa = PBXGroup;
			children = (
				EEAA000200000000000000F2 /* AlertNotificationContent.swift */,
			);
			path = Notifications;
			sourceTree = "<group>";
		};
		EFDF0D9C31CD0D2702D8910D /* Shared */ = {
			isa = PBXGroup;
			children = (
				DC0F04A07877F47900175A40 /* Models */,
				558DC4DE64CCE2D80E927F99 /* Storage */,
				85A7C518E3672111E595E3FB /* Views */,
				EE99000100000000000000A1 /* Notifications */,
			);
			path = Shared;
			sourceTree = "<group>";
		};
		F7817BF72DDD8971A8F746D3 /* Keychain */ = {
			isa = PBXGroup;
			children = (
				CE2EC55F94D5A01B32C9E844 /* KeychainService.swift */,
			);
			path = Keychain;
			sourceTree = "<group>";
		};
/* End PBXGroup section */

/* Begin PBXNativeTarget section */
		0FCC435F5CB21003226F661C /* AIUsageWidgetExtension */ = {
			isa = PBXNativeTarget;
			buildConfigurationList = D5AA20048D22740497597493 /* Build configuration list for PBXNativeTarget "AIUsageWidgetExtension" */;
			buildPhases = (
				8FC5515B526076CB1CF43748 /* Sources */,
				F9E41EA8F5951BE341260BFE /* Frameworks */,
				86AFB6DEBF7801AB676DDC79 /* Resources */,
			);
			buildRules = (
			);
			dependencies = (
			);
			name = AIUsageWidgetExtension;
			productName = "Limit Counter Widget";
			productReference = 1D0D6C4C3162AFCE8932D9AA /* Limit Counter Widget.appex */;
			productType = "com.apple.product-type.app-extension";
		};
		A42BC5372F9140180096DECB /* LLMUsageCounter */ = {
			isa = PBXNativeTarget;
			buildConfigurationList = A42BC5432F9140190096DECB /* Build configuration list for PBXNativeTarget "LLMUsageCounter" */;
			buildPhases = (
				A42BC5342F9140180096DECB /* Sources */,
				A42BC5352F9140180096DECB /* Frameworks */,
				A42BC5362F9140180096DECB /* Resources */,
				E49392A0B501D8DC6584E684 /* Embed App Extensions */,
			);
			buildRules = (
			);
			dependencies = (
				B7C196B6B296B74014041874 /* PBXTargetDependency */,
			);
			fileSystemSynchronizedGroups = (
				A42BC53A2F9140180096DECB /* LLMUsageCounter */,
			);
			name = LLMUsageCounter;
			productName = "Limit Counter";
			productReference = A42BC5382F9140180096DECB /* Limit Counter.app */;
			productType = "com.apple.product-type.application";
		};
/* End PBXNativeTarget section */

/* Begin PBXProject section */
		A42BC5302F9140180096DECB /* Project object */ = {
			isa = PBXProject;
			attributes = {
				BuildIndependentTargetsInParallel = 1;
				LastSwiftUpdateCheck = 2630;
				LastUpgradeCheck = 2630;
				TargetAttributes = {
					A42BC5372F9140180096DECB = {
						CreatedOnToolsVersion = 26.3;
					};
				};
			};
			buildConfigurationList = A42BC5332F9140180096DECB /* Build configuration list for PBXProject "LLMUsageCounter" */;
			developmentRegion = en;
			hasScannedForEncodings = 0;
			knownRegions = (
				en,
				Base,
			);
			mainGroup = A42BC52F2F9140180096DECB;
			minimizedProjectReferenceProxies = 1;
			preferredProjectObjectVersion = 77;
			productRefGroup = A42BC5392F9140180096DECB /* Products */;
			projectDirPath = "";
			projectRoot = "";
			targets = (
				A42BC5372F9140180096DECB /* LLMUsageCounter */,
				0FCC435F5CB21003226F661C /* AIUsageWidgetExtension */,
			);
		};
/* End PBXProject section */

/* Begin PBXResourcesBuildPhase section */
		86AFB6DEBF7801AB676DDC79 /* Resources */ = {
			isa = PBXResourcesBuildPhase;
			buildActionMask = 2147483647;
			files = (
			);
			runOnlyForDeploymentPostprocessing = 0;
		};
		A42BC5362F9140180096DECB /* Resources */ = {
			isa = PBXResourcesBuildPhase;
			buildActionMask = 2147483647;
			files = (
			);
			runOnlyForDeploymentPostprocessing = 0;
		};
/* End PBXResourcesBuildPhase section */

/* Begin PBXSourcesBuildPhase section */
		8FC5515B526076CB1CF43748 /* Sources */ = {
			isa = PBXSourcesBuildPhase;
			buildActionMask = 2147483647;
			files = (
				823855AA90207DEE5462F15A /* QuotaTimelineProvider.swift in Sources */,
				A090A16CD728E819CEAB1C12 /* MockData.swift in Sources */,
				AA65955C07EB3790F62BC8CC /* QuotaModels.swift in Sources */,
				1F9EEC85B141691DB92F7A79 /* QuotaSnapshotStore.swift in Sources */,
				E5F58CBAF2274B5E6338D4D1 /* QuotaCardView.swift in Sources */,
				B6D67D7E3C8B4F2AB0C6C99C /* GlassChrome.swift in Sources */,
			);
			runOnlyForDeploymentPostprocessing = 0;
		};
		A42BC5342F9140180096DECB /* Sources */ = {
			isa = PBXSourcesBuildPhase;
			buildActionMask = 2147483647;
			files = (
				F60686F0D9B2C9D255581F5B /* MockData.swift in Sources */,
				216D8AB6E134F76894E0E773 /* ModelUsageAnalytics.swift in Sources */,
				2F4FE38FCA32C57462FECAC8 /* ModelRateCatalog.swift in Sources */,
				DCFBCC5C4EE318F78F03D896 /* ModelUsageLedger.swift in Sources */,
				801A8F2C1F7ADAA54BBCC25F /* ModelUsageLogScanner.swift in Sources */,
				5C0DE11A0B2C3D4E5F601A02 /* ModelUsageProviderLogs.swift in Sources */,
				8415611E15321D8D3003EFFB /* QuotaModels.swift in Sources */,
				35C9EA7C7BB8D2CE2FC27BE1 /* QuotaSnapshotStore.swift in Sources */,
				EDE1E82AC980C48281C2DF29 /* QuotaCardView.swift in Sources */,
				C5890563D5868124AC951D99 /* AIUsageTrackerApp.swift in Sources */,
				5A7E2A5B4CC14C9AA58D915F /* CloudKitSync.swift in Sources */,
				EAFB87C29D9F037A4DC1A183 /* AppStateStore.swift in Sources */,
				DDD693B6BE87A2E553B057AA /* SyncCoordinator.swift in Sources */,
				F0B3D2D3B9D94B0DA94D17F1 /* CodexTelemetryProviderClient.swift in Sources */,
				F3E1249C0FB38DD68321D303 /* ProviderClient.swift in Sources */,
				FA1100010000000000000001 /* AntigravityProviderClient.swift in Sources */,
				FA1100020000000000000002 /* SpendProviderClients.swift in Sources */,
				D2004072E4759F9F5EA478AA /* KeychainService.swift in Sources */,
				A6E2239C5393436B99DF7012 /* DashboardView.swift in Sources */,
				A08136729B546202562478AC /* ModelUsageDashboardView.swift in Sources */,
				A08136729B546202562478AE /* ModelUsageDashboardData.swift in Sources */,
				25227AAAD370B53544107D04 /* ProviderDetailView.swift in Sources */,
				C277E330E1E1A288294467FB /* SettingsView.swift in Sources */,
				A51F1D7A8D634C6DA9E9D6C5 /* CursorSessionImportView.swift in Sources */,
				157AB1CE59BEC51F76EF0096 /* SignInBrowser.swift in Sources */,
				B1A64D48BC5A4D97A3A61B0F /* GlassChrome.swift in Sources */,
				760136B5B967579A483B141C /* GeminiProviderClient.swift in Sources */,
				0E4EB4675CC62CEAB0F3B621 /* MenuBarController.swift in Sources */,
				AE3CE50218E452F2353349B8 /* LLMActivityHeatmapView.swift in Sources */,
				EEBB000100000000000000B1 /* CloudAlertPayload.swift in Sources */,
				EEBB000200000000000000B2 /* AlertNotificationContent.swift in Sources */,
				EEBB000300000000000000B3 /* LocalNotificationPublisher.swift in Sources */,
				EEBB000400000000000000B4 /* MacLocalNotificationPublisher.swift in Sources */,
				C54B4765A7CC70B9189CAA3D /* TelemetryParseCache.swift in Sources */,
				2F295D61BD7917AC646050CB /* ProviderSetupPolicy.swift in Sources */,
				A2276EF2147C77FC2081EE2A /* ProviderSetupCanvas.swift in Sources */,
				694CB19FF67224BECD991042 /* ProviderSetupModel.swift in Sources */,
				6042BC1E11766ED57640C35D /* ProviderSetupRail.swift in Sources */,
				E12CEF318D69D31596283C5A /* ProviderSetupSheet.swift in Sources */,
				D9DCA9F5A79BF9D4D56CDAAE /* ProviderSetupPresenter.swift in Sources */,
				F9DF3457A4B87B2347A864E3 /* QuotaResetDetector.swift in Sources */,
			);
			runOnlyForDeploymentPostprocessing = 0;
		};
/* End PBXSourcesBuildPhase section */

/* Begin PBXTargetDependency section */
		B7C196B6B296B74014041874 /* PBXTargetDependency */ = {
			isa = PBXTargetDependency;
			name = AIUsageWidgetExtension;
			target = 0FCC435F5CB21003226F661C /* AIUsageWidgetExtension */;
			targetProxy = 4D5979E94E4C97D8E58E8205 /* PBXContainerItemProxy */;
		};
/* End PBXTargetDependency section */

/* Begin XCBuildConfiguration section */
		593B517D43F95EF59F3C033C /* Release */ = {
			isa = XCBuildConfiguration;
			buildSettings = {
				APPLICATION_EXTENSION_API_ONLY = YES;
				CLANG_ENABLE_OBJC_WEAK = NO;
				CODE_SIGN_ENTITLEMENTS = Widget/AIUsageWidgetExtension.iOS.entitlements;
				"CODE_SIGN_ENTITLEMENTS[sdk=macosx*]" = Widget/AIUsageWidgetExtension.macOS.entitlements;
				CODE_SIGN_STYLE = Automatic;
				CURRENT_PROJECT_VERSION = 1;
				DEVELOPMENT_TEAM = 8CZML8FK2D;
				ENABLE_HARDENED_RUNTIME = YES;
				GENERATE_INFOPLIST_FILE = NO;
				INFOPLIST_FILE = "Widget/AIUsageWidgetExtension-Info.plist";
				IPHONEOS_DEPLOYMENT_TARGET = 17.0;
				LD_RUNPATH_SEARCH_PATHS = (
					"$(inherited)",
					"@executable_path/Frameworks",
					"@executable_path/../../Frameworks",
				);
				MACOSX_DEPLOYMENT_TARGET = 26.0;
				MARKETING_VERSION = 1.0;
				PRODUCT_BUNDLE_IDENTIFIER = com.chrisizatt.LLMUsageCounter.widget;
				PRODUCT_NAME = "Limit Counter Widget";
				REGISTER_APP_GROUPS = YES;
				SDKROOT = auto;
				SKIP_INSTALL = YES;
				SUPPORTED_PLATFORMS = "iphoneos iphonesimulator macosx";
				SWIFT_EMIT_LOC_STRINGS = YES;
				SWIFT_VERSION = 5.0;
				TARGETED_DEVICE_FAMILY = "1,2";
				VALIDATE_PRODUCT = YES;
			};
			name = Release;
		};
		90695265DE8B716863270A69 /* Debug */ = {
			isa = XCBuildConfiguration;
			buildSettings = {
				APPLICATION_EXTENSION_API_ONLY = YES;
				CLANG_ENABLE_OBJC_WEAK = NO;
				CODE_SIGN_ENTITLEMENTS = Widget/AIUsageWidgetExtension.iOS.entitlements;
				"CODE_SIGN_ENTITLEMENTS[sdk=macosx*]" = Widget/AIUsageWidgetExtension.macOS.entitlements;
				CODE_SIGN_STYLE = Automatic;
				CURRENT_PROJECT_VERSION = 1;
				DEVELOPMENT_TEAM = 8CZML8FK2D;
				ENABLE_HARDENED_RUNTIME = YES;
				GENERATE_INFOPLIST_FILE = NO;
				INFOPLIST_FILE = "Widget/AIUsageWidgetExtension-Info.plist";
				IPHONEOS_DEPLOYMENT_TARGET = 17.0;
				LD_RUNPATH_SEARCH_PATHS = (
					"$(inherited)",
					"@executable_path/Frameworks",
					"@executable_path/../../Frameworks",
				);
				MACOSX_DEPLOYMENT_TARGET = 26.0;
				MARKETING_VERSION = 1.0;
				PRODUCT_BUNDLE_IDENTIFIER = com.chrisizatt.LLMUsageCounter.widget;
				PRODUCT_NAME = "Limit Counter Widget";
				REGISTER_APP_GROUPS = YES;
				SDKROOT = auto;
				SKIP_INSTALL = YES;
				SUPPORTED_PLATFORMS = "iphoneos iphonesimulator macosx";
				SWIFT_EMIT_LOC_STRINGS = YES;
				SWIFT_VERSION = 5.0;
				TARGETED_DEVICE_FAMILY = "1,2";
			};
			name = Debug;
		};
		A42BC5412F9140190096DECB /* Debug */ = {
			isa = XCBuildConfiguration;
			buildSettings = {
				ALWAYS_SEARCH_USER_PATHS = NO;
				ASSETCATALOG_COMPILER_GENERATE_SWIFT_ASSET_SYMBOL_EXTENSIONS = YES;
				CLANG_ANALYZER_NONNULL = YES;
				CLANG_ANALYZER_NUMBER_OBJECT_CONVERSION = YES_AGGRESSIVE;
				CLANG_CXX_LANGUAGE_STANDARD = "gnu++20";
				CLANG_ENABLE_MODULES = YES;
				CLANG_ENABLE_OBJC_ARC = YES;
				CLANG_ENABLE_OBJC_WEAK = YES;
				CLANG_WARN_BLOCK_CAPTURE_AUTORELEASING = YES;
				CLANG_WARN_BOOL_CONVERSION = YES;
				CLANG_WARN_COMMA = YES;
				CLANG_WARN_CONSTANT_CONVERSION = YES;
				CLANG_WARN_DEPRECATED_OBJC_IMPLEMENTATIONS = YES;
				CLANG_WARN_DIRECT_OBJC_ISA_USAGE = YES_ERROR;
				CLANG_WARN_DOCUMENTATION_COMMENTS = YES;
				CLANG_WARN_EMPTY_BODY = YES;
				CLANG_WARN_ENUM_CONVERSION = YES;
				CLANG_WARN_INFINITE_RECURSION = YES;
				CLANG_WARN_INT_CONVERSION = YES;
				CLANG_WARN_NON_LITERAL_NULL_CONVERSION = YES;
				CLANG_WARN_OBJC_IMPLICIT_RETAIN_SELF = YES;
				CLANG_WARN_OBJC_LITERAL_CONVERSION = YES;
				CLANG_WARN_OBJC_ROOT_CLASS = YES_ERROR;
				CLANG_WARN_QUOTED_INCLUDE_IN_FRAMEWORK_HEADER = YES;
				CLANG_WARN_RANGE_LOOP_ANALYSIS = YES;
				CLANG_WARN_STRICT_PROTOTYPES = YES;
				CLANG_WARN_SUSPICIOUS_MOVE = YES;
				CLANG_WARN_UNGUARDED_AVAILABILITY = YES_AGGRESSIVE;
				CLANG_WARN_UNREACHABLE_CODE = YES;
				CLANG_WARN__DUPLICATE_METHOD_MATCH = YES;
				COPY_PHASE_STRIP = NO;
				DEBUG_INFORMATION_FORMAT = dwarf;
				DEVELOPMENT_TEAM = 8CZML8FK2D;
				ENABLE_STRICT_OBJC_MSGSEND = YES;
				ENABLE_TESTABILITY = YES;
				ENABLE_USER_SCRIPT_SANDBOXING = YES;
				GCC_C_LANGUAGE_STANDARD = gnu17;
				GCC_DYNAMIC_NO_PIC = NO;
				GCC_NO_COMMON_BLOCKS = YES;
				GCC_OPTIMIZATION_LEVEL = 0;
				GCC_PREPROCESSOR_DEFINITIONS = (
					"DEBUG=1",
					"$(inherited)",
				);
				GCC_WARN_64_TO_32_BIT_CONVERSION = YES;
				GCC_WARN_ABOUT_RETURN_TYPE = YES_ERROR;
				GCC_WARN_UNDECLARED_SELECTOR = YES;
				GCC_WARN_UNINITIALIZED_AUTOS = YES_AGGRESSIVE;
				GCC_WARN_UNUSED_FUNCTION = YES;
				GCC_WARN_UNUSED_VARIABLE = YES;
				LOCALIZATION_PREFERS_STRING_CATALOGS = YES;
				MTL_ENABLE_DEBUG_INFO = INCLUDE_SOURCE;
				MTL_FAST_MATH = YES;
				ONLY_ACTIVE_ARCH = YES;
				SWIFT_ACTIVE_COMPILATION_CONDITIONS = "DEBUG $(inherited)";
				SWIFT_OPTIMIZATION_LEVEL = "-Onone";
			};
			name = Debug;
		};
		A42BC5422F9140190096DECB /* Release */ = {
			isa = XCBuildConfiguration;
			buildSettings = {
				ALWAYS_SEARCH_USER_PATHS = NO;
				ASSETCATALOG_COMPILER_GENERATE_SWIFT_ASSET_SYMBOL_EXTENSIONS = YES;
				CLANG_ANALYZER_NONNULL = YES;
				CLANG_ANALYZER_NUMBER_OBJECT_CONVERSION = YES_AGGRESSIVE;
				CLANG_CXX_LANGUAGE_STANDARD = "gnu++20";
				CLANG_ENABLE_MODULES = YES;
				CLANG_ENABLE_OBJC_ARC = YES;
				CLANG_ENABLE_OBJC_WEAK = YES;
				CLANG_WARN_BLOCK_CAPTURE_AUTORELEASING = YES;
				CLANG_WARN_BOOL_CONVERSION = YES;
				CLANG_WARN_COMMA = YES;
				CLANG_WARN_CONSTANT_CONVERSION = YES;
				CLANG_WARN_DEPRECATED_OBJC_IMPLEMENTATIONS = YES;
				CLANG_WARN_DIRECT_OBJC_ISA_USAGE = YES_ERROR;
				CLANG_WARN_DOCUMENTATION_COMMENTS = YES;
				CLANG_WARN_EMPTY_BODY = YES;
				CLANG_WARN_ENUM_CONVERSION = YES;
				CLANG_WARN_INFINITE_RECURSION = YES;
				CLANG_WARN_INT_CONVERSION = YES;
				CLANG_WARN_NON_LITERAL_NULL_CONVERSION = YES;
				CLANG_WARN_OBJC_IMPLICIT_RETAIN_SELF = YES;
				CLANG_WARN_OBJC_LITERAL_CONVERSION = YES;
				CLANG_WARN_OBJC_ROOT_CLASS = YES_ERROR;
				CLANG_WARN_QUOTED_INCLUDE_IN_FRAMEWORK_HEADER = YES;
				CLANG_WARN_RANGE_LOOP_ANALYSIS = YES;
				CLANG_WARN_STRICT_PROTOTYPES = YES;
				CLANG_WARN_SUSPICIOUS_MOVE = YES;
				CLANG_WARN_UNGUARDED_AVAILABILITY = YES_AGGRESSIVE;
				CLANG_WARN_UNREACHABLE_CODE = YES;
				CLANG_WARN__DUPLICATE_METHOD_MATCH = YES;
				COPY_PHASE_STRIP = NO;
				DEBUG_INFORMATION_FORMAT = "dwarf-with-dsym";
				DEVELOPMENT_TEAM = 8CZML8FK2D;
				ENABLE_NS_ASSERTIONS = NO;
				ENABLE_STRICT_OBJC_MSGSEND = YES;
				ENABLE_USER_SCRIPT_SANDBOXING = YES;
				GCC_C_LANGUAGE_STANDARD = gnu17;
				GCC_NO_COMMON_BLOCKS = YES;
				GCC_WARN_64_TO_32_BIT_CONVERSION = YES;
				GCC_WARN_ABOUT_RETURN_TYPE = YES_ERROR;
				GCC_WARN_UNDECLARED_SELECTOR = YES;
				GCC_WARN_UNINITIALIZED_AUTOS = YES_AGGRESSIVE;
				GCC_WARN_UNUSED_FUNCTION = YES;
				GCC_WARN_UNUSED_VARIABLE = YES;
				LOCALIZATION_PREFERS_STRING_CATALOGS = YES;
				MTL_ENABLE_DEBUG_INFO = NO;
				MTL_FAST_MATH = YES;
				SWIFT_COMPILATION_MODE = wholemodule;
			};
			name = Release;
		};
		A42BC5442F9140190096DECB /* Debug */ = {
			isa = XCBuildConfiguration;
			buildSettings = {
				ASSETCATALOG_COMPILER_APPICON_NAME = AppIcon;
				ASSETCATALOG_COMPILER_GLOBAL_ACCENT_COLOR_NAME = AccentColor;
				CODE_SIGN_ENTITLEMENTS = LLMUsageCounter/LLMUsageCounter.iOS.entitlements;
				"CODE_SIGN_ENTITLEMENTS[sdk=macosx*]" = LLMUsageCounter/LLMUsageCounter.macOS.entitlements;
				CODE_SIGN_STYLE = Automatic;
				CURRENT_PROJECT_VERSION = 1;
				DEVELOPMENT_TEAM = 8CZML8FK2D;
				ENABLE_APP_SANDBOX = YES;
				ENABLE_HARDENED_RUNTIME = YES;
				ENABLE_PREVIEWS = YES;
				ENABLE_USER_SELECTED_FILES = readonly;
				GENERATE_INFOPLIST_FILE = YES;
				"GENERATE_INFOPLIST_FILE[sdk=iphoneos*]" = NO;
				"GENERATE_INFOPLIST_FILE[sdk=iphonesimulator*]" = NO;
				"INFOPLIST_FILE[sdk=iphoneos*]" = "LLMUsageCounter/LLMUsageCounter.iOS-Info.plist";
				"INFOPLIST_FILE[sdk=iphonesimulator*]" = "LLMUsageCounter/LLMUsageCounter.iOS-Info.plist";
				"INFOPLIST_FILE[sdk=macosx*]" = "LLMUsageCounter/LLMUsageCounter.macOS-Info.plist";
				INFOPLIST_KEY_CFBundleDisplayName = "Limit Counter";
				INFOPLIST_KEY_CFBundleName = "Limit Counter";
				"INFOPLIST_KEY_UIApplicationSceneManifest_Generation[sdk=iphoneos*]" = YES;
				"INFOPLIST_KEY_UIApplicationSceneManifest_Generation[sdk=iphonesimulator*]" = YES;
				"INFOPLIST_KEY_UIApplicationSupportsIndirectInputEvents[sdk=iphoneos*]" = YES;
				"INFOPLIST_KEY_UIApplicationSupportsIndirectInputEvents[sdk=iphonesimulator*]" = YES;
				"INFOPLIST_KEY_UILaunchScreen_Generation[sdk=iphoneos*]" = YES;
				"INFOPLIST_KEY_UILaunchScreen_Generation[sdk=iphonesimulator*]" = YES;
				"INFOPLIST_KEY_UIStatusBarStyle[sdk=iphoneos*]" = UIStatusBarStyleDefault;
				"INFOPLIST_KEY_UIStatusBarStyle[sdk=iphonesimulator*]" = UIStatusBarStyleDefault;
				INFOPLIST_KEY_UISupportedInterfaceOrientations_iPad = "UIInterfaceOrientationPortrait UIInterfaceOrientationPortraitUpsideDown UIInterfaceOrientationLandscapeLeft UIInterfaceOrientationLandscapeRight";
				INFOPLIST_KEY_UISupportedInterfaceOrientations_iPhone = "UIInterfaceOrientationPortrait UIInterfaceOrientationLandscapeLeft UIInterfaceOrientationLandscapeRight";
				IPHONEOS_DEPLOYMENT_TARGET = 17.0;
				LD_RUNPATH_SEARCH_PATHS = "@executable_path/Frameworks";
				"LD_RUNPATH_SEARCH_PATHS[sdk=macosx*]" = "@executable_path/../Frameworks";
				MACOSX_DEPLOYMENT_TARGET = 26.0;
				MARKETING_VERSION = 1.0;
				PRODUCT_BUNDLE_IDENTIFIER = com.chrisizatt.LLMUsageCounter;
				PRODUCT_NAME = "Limit Counter";
				REGISTER_APP_GROUPS = YES;
				SDKROOT = auto;
				STRING_CATALOG_GENERATE_SYMBOLS = YES;
				SUPPORTED_PLATFORMS = "iphoneos iphonesimulator macosx xros xrsimulator";
				SWIFT_APPROACHABLE_CONCURRENCY = YES;
				SWIFT_DEFAULT_ACTOR_ISOLATION = MainActor;
				SWIFT_EMIT_LOC_STRINGS = YES;
				SWIFT_UPCOMING_FEATURE_MEMBER_IMPORT_VISIBILITY = YES;
				SWIFT_VERSION = 5.0;
				TARGETED_DEVICE_FAMILY = "1,2,7";
				XROS_DEPLOYMENT_TARGET = 26.2;
			};
			name = Debug;
		};
		A42BC5452F9140190096DECB /* Release */ = {
			isa = XCBuildConfiguration;
			buildSettings = {
				ASSETCATALOG_COMPILER_APPICON_NAME = AppIcon;
				ASSETCATALOG_COMPILER_GLOBAL_ACCENT_COLOR_NAME = AccentColor;
				CODE_SIGN_ENTITLEMENTS = LLMUsageCounter/LLMUsageCounter.iOS.entitlements;
				"CODE_SIGN_ENTITLEMENTS[sdk=macosx*]" = LLMUsageCounter/LLMUsageCounter.macOS.entitlements;
				CODE_SIGN_STYLE = Automatic;
				CURRENT_PROJECT_VERSION = 1;
				DEVELOPMENT_TEAM = 8CZML8FK2D;
				ENABLE_APP_SANDBOX = YES;
				ENABLE_HARDENED_RUNTIME = YES;
				ENABLE_PREVIEWS = YES;
				ENABLE_USER_SELECTED_FILES = readonly;
				GENERATE_INFOPLIST_FILE = YES;
				"GENERATE_INFOPLIST_FILE[sdk=iphoneos*]" = NO;
				"GENERATE_INFOPLIST_FILE[sdk=iphonesimulator*]" = NO;
				"INFOPLIST_FILE[sdk=iphoneos*]" = "LLMUsageCounter/LLMUsageCounter.iOS-Info.plist";
				"INFOPLIST_FILE[sdk=iphonesimulator*]" = "LLMUsageCounter/LLMUsageCounter.iOS-Info.plist";
				"INFOPLIST_FILE[sdk=macosx*]" = "LLMUsageCounter/LLMUsageCounter.macOS-Info.plist";
				INFOPLIST_KEY_CFBundleDisplayName = "Limit Counter";
				INFOPLIST_KEY_CFBundleName = "Limit Counter";
				"INFOPLIST_KEY_UIApplicationSceneManifest_Generation[sdk=iphoneos*]" = YES;
				"INFOPLIST_KEY_UIApplicationSceneManifest_Generation[sdk=iphonesimulator*]" = YES;
				"INFOPLIST_KEY_UIApplicationSupportsIndirectInputEvents[sdk=iphoneos*]" = YES;
				"INFOPLIST_KEY_UIApplicationSupportsIndirectInputEvents[sdk=iphonesimulator*]" = YES;
				"INFOPLIST_KEY_UILaunchScreen_Generation[sdk=iphoneos*]" = YES;
				"INFOPLIST_KEY_UILaunchScreen_Generation[sdk=iphonesimulator*]" = YES;
				"INFOPLIST_KEY_UIStatusBarStyle[sdk=iphoneos*]" = UIStatusBarStyleDefault;
				"INFOPLIST_KEY_UIStatusBarStyle[sdk=iphonesimulator*]" = UIStatusBarStyleDefault;
				INFOPLIST_KEY_UISupportedInterfaceOrientations_iPad = "UIInterfaceOrientationPortrait UIInterfaceOrientationPortraitUpsideDown UIInterfaceOrientationLandscapeLeft UIInterfaceOrientationLandscapeRight";
				INFOPLIST_KEY_UISupportedInterfaceOrientations_iPhone = "UIInterfaceOrientationPortrait UIInterfaceOrientationLandscapeLeft UIInterfaceOrientationLandscapeRight";
				IPHONEOS_DEPLOYMENT_TARGET = 17.0;
				LD_RUNPATH_SEARCH_PATHS = "@executable_path/Frameworks";
				"LD_RUNPATH_SEARCH_PATHS[sdk=macosx*]" = "@executable_path/../Frameworks";
				MACOSX_DEPLOYMENT_TARGET = 26.0;
				MARKETING_VERSION = 1.0;
				PRODUCT_BUNDLE_IDENTIFIER = com.chrisizatt.LLMUsageCounter;
				PRODUCT_NAME = "Limit Counter";
				REGISTER_APP_GROUPS = YES;
				SDKROOT = auto;
				STRING_CATALOG_GENERATE_SYMBOLS = YES;
				SUPPORTED_PLATFORMS = "iphoneos iphonesimulator macosx xros xrsimulator";
				SWIFT_APPROACHABLE_CONCURRENCY = YES;
				SWIFT_DEFAULT_ACTOR_ISOLATION = MainActor;
				SWIFT_EMIT_LOC_STRINGS = YES;
				SWIFT_UPCOMING_FEATURE_MEMBER_IMPORT_VISIBILITY = YES;
				SWIFT_VERSION = 5.0;
				TARGETED_DEVICE_FAMILY = "1,2,7";
				XROS_DEPLOYMENT_TARGET = 26.2;
			};
			name = Release;
		};
/* End XCBuildConfiguration section */

/* Begin XCConfigurationList section */
		A42BC5332F9140180096DECB /* Build configuration list for PBXProject "LLMUsageCounter" */ = {
			isa = XCConfigurationList;
			buildConfigurations = (
				A42BC5412F9140190096DECB /* Debug */,
				A42BC5422F9140190096DECB /* Release */,
			);
			defaultConfigurationIsVisible = 0;
			defaultConfigurationName = Release;
		};
		A42BC5432F9140190096DECB /* Build configuration list for PBXNativeTarget "LLMUsageCounter" */ = {
			isa = XCConfigurationList;
			buildConfigurations = (
				A42BC5442F9140190096DECB /* Debug */,
				A42BC5452F9140190096DECB /* Release */,
			);
			defaultConfigurationIsVisible = 0;
			defaultConfigurationName = Release;
		};
		D5AA20048D22740497597493 /* Build configuration list for PBXNativeTarget "AIUsageWidgetExtension" */ = {
			isa = XCConfigurationList;
			buildConfigurations = (
				593B517D43F95EF59F3C033C /* Release */,
				90695265DE8B716863270A69 /* Debug */,
			);
			defaultConfigurationIsVisible = 0;
			defaultConfigurationName = Release;
		};
/* End XCConfigurationList section */
	};
	rootObject = A42BC5302F9140180096DECB /* Project object */;
}
